{
  "name": "fulaimall",
  "version": "1.0.0",
  "lockfileVersion": 1,
  "requires": true,
  "dependencies": {
    "@vant/weapp": {
      "version": "1.3.1",
      "resolved": "https://registry.npmjs.org/@vant/weapp/-/weapp-1.3.1.tgz",
      "integrity": "sha512-b4Kr1TUVRtoCKRphRvGYoQIKoSi2QBt3v4VrD6pwKOav3U3AVxKKLcqdCRkVMyTGsZrnwD/5se/HXcXA4ra9dg=="
    },
    "@xmldom/xmldom": {
      "version": "0.8.3",
      "resolved": "https://registry.npmjs.org/@xmldom/xmldom/-/xmldom-0.8.3.tgz",
      "integrity": "sha512-Lv2vySXypg4nfa51LY1nU8yDAGo/5YwF+EY/rUZgIbfvwVARcd67ttCM8SMsTeJy51YhHYavEq+FS6R0hW9PFQ=="
    },
    "docxtemplater": {
      "version": "3.31.4",
      "resolved": "https://registry.npmjs.org/docxtemplater/-/docxtemplater-3.31.4.tgz",
      "integrity": "sha512-b82kJs8tWJCK9NF6HuqXFLCkHKCABC7PGJIG8gbr3EcJexl+iAfKqd/5j1BiTKjGWJdM8Y37l7F15FvRSgUEFw==",
      "requires": {
        "@xmldom/xmldom": "^0.8.2"
      }
    }
  }
}
